
Microsoft Visual Studio Solution File, Format Version 12.00
# Visual Studio Version 16
VisualStudioVersion = 16.0.29911.84
MinimumVisualStudioVersion = 10.0.40219.1
Project("{9A19103F-16F7-4668-BE54-9A1E7A4F7556}") = "RefactorThis", "RefactorThis.csproj", "{529176B5-F038-4745-A9B8-E87E9D226F6C}"
EndProject
Project("{FAE04EC0-301F-11D3-BF4B-00C04F79EFBC}") = "XUnitTestProject", "XUnitTestProject\XUnitTestProject.csproj", "{C315E571-5E2A-42BD-A5FC-04ABDB083544}"
EndProject
Global
	GlobalSection(SolutionConfigurationPlatforms) = preSolution
		Debug|Any CPU = Debug|Any CPU
		Release|Any CPU = Release|Any CPU
	EndGlobalSection
	GlobalSection(ProjectConfigurationPlatforms) = postSolution
		{529176B5-F038-4745-A9B8-E87E9D226F6C}.Debug|Any CPU.ActiveCfg = Debug|Any CPU
		{529176B5-F038-4745-A9B8-E87E9D226F6C}.Debug|Any CPU.Build.0 = Debug|Any CPU
		{529176B5-F038-4745-A9B8-E87E9D226F6C}.Release|Any CPU.ActiveCfg = Release|Any CPU
		{529176B5-F038-4745-A9B8-E87E9D226F6C}.Release|Any CPU.Build.0 = Release|Any CPU
		{C315E571-5E2A-42BD-A5FC-04ABDB083544}.Debug|Any CPU.ActiveCfg = Debug|Any CPU
		{C315E571-5E2A-42BD-A5FC-04ABDB083544}.Debug|Any CPU.Build.0 = Debug|Any CPU
		{C315E571-5E2A-42BD-A5FC-04ABDB083544}.Release|Any CPU.ActiveCfg = Release|Any CPU
		{C315E571-5E2A-42BD-A5FC-04ABDB083544}.Release|Any CPU.Build.0 = Release|Any CPU
	EndGlobalSection
	GlobalSection(SolutionProperties) = preSolution
		HideSolutionNode = FALSE
	EndGlobalSection
	GlobalSection(ExtensibilityGlobals) = postSolution
		SolutionGuid = {8A0A1D8A-CEFB-42DF-B216-3EE5A405200E}
	EndGlobalSection
EndGlobal
